// !$*UTF8*$!
{
	archiveVersion = 1;
	classes = {
	};
	objectVersion = 46;
	objects = {

/* Begin PBXBuildFile section */
		852222E519A0408E0084AE05 /* FNXSearchResultsViewController.m in Sources */ = {isa = PBXBuildFile; fileRef = 852222E419A0408E0084AE05 /* FNXSearchResultsViewController.m */; };
		852222E619A0408E0084AE05 /* FNXSearchResultsViewController.m in Sources */ = {isa = PBXBuildFile; fileRef = 852222E419A0408E0084AE05 /* FNXSearchResultsViewController.m */; };
		852222E919A04AAE0084AE05 /* FNXSearchResultsTableViewCell.m in Sources */ = {isa = PBXBuildFile; fileRef = 852222E819A04AAE0084AE05 /* FNXSearchResultsTableViewCell.m */; };
		852222EA19A04AAE0084AE05 /* FNXSearchResultsTableViewCell.m in Sources */ = {isa = PBXBuildFile; fileRef = 852222E819A04AAE0084AE05 /* FNXSearchResultsTableViewCell.m */; };
		85701E87199DA55800046905 /* Foundation.framework in Frameworks */ = {isa = PBXBuildFile; fileRef = 85701E86199DA55800046905 /* Foundation.framework */; };
		85701E89199DA55800046905 /* CoreGraphics.framework in Frameworks */ = {isa = PBXBuildFile; fileRef = 85701E88199DA55800046905 /* CoreGraphics.framework */; };
		85701E8B199DA55800046905 /* UIKit.framework in Frameworks */ = {isa = PBXBuildFile; fileRef = 85701E8A199DA55800046905 /* UIKit.framework */; };
		85701E91199DA55800046905 /* InfoPlist.strings in Resources */ = {isa = PBXBuildFile; fileRef = 85701E8F199DA55800046905 /* InfoPlist.strings */; };
		85701E93199DA55800046905 /* main.m in Sources */ = {isa = PBXBuildFile; fileRef = 85701E92199DA55800046905 /* main.m */; };
		85701E97199DA55800046905 /* FNXAppDelegate.m in Sources */ = {isa = PBXBuildFile; fileRef = 85701E96199DA55800046905 /* FNXAppDelegate.m */; };
		85701E9A199DA55800046905 /* Main.storyboard in Resources */ = {isa = PBXBuildFile; fileRef = 85701E98199DA55800046905 /* Main.storyboard */; };
		85701E9D199DA55800046905 /* FNXViewController.m in Sources */ = {isa = PBXBuildFile; fileRef = 85701E9C199DA55800046905 /* FNXViewController.m */; };
		85701E9F199DA55800046905 /* Images.xcassets in Resources */ = {isa = PBXBuildFile; fileRef = 85701E9E199DA55800046905 /* Images.xcassets */; };
		85701EA6199DA55800046905 /* XCTest.framework in Frameworks */ = {isa = PBXBuildFile; fileRef = 85701EA5199DA55800046905 /* XCTest.framework */; };
		85701EA7199DA55800046905 /* Foundation.framework in Frameworks */ = {isa = PBXBuildFile; fileRef = 85701E86199DA55800046905 /* Foundation.framework */; };
		85701EA8199DA55800046905 /* UIKit.framework in Frameworks */ = {isa = PBXBuildFile; fileRef = 85701E8A199DA55800046905 /* UIKit.framework */; };
		85701EB0199DA55800046905 /* InfoPlist.strings in Resources */ = {isa = PBXBuildFile; fileRef = 85701EAE199DA55800046905 /* InfoPlist.strings */; };
		85701EB2199DA55800046905 /* YankeeFinderTests.m in Sources */ = {isa = PBXBuildFile; fileRef = 85701EB1199DA55800046905 /* YankeeFinderTests.m */; };
		85701EC8199DABBB00046905 /* FNXYankeesAPI.m in Sources */ = {isa = PBXBuildFile; fileRef = 85701EC5199DABBB00046905 /* FNXYankeesAPI.m */; };
		85701EC9199DABBB00046905 /* FNXYankeesAPI.m in Sources */ = {isa = PBXBuildFile; fileRef = 85701EC5199DABBB00046905 /* FNXYankeesAPI.m */; };
		85701ECA199DABBB00046905 /* FNXRequest.m in Sources */ = {isa = PBXBuildFile; fileRef = 85701EC7199DABBB00046905 /* FNXRequest.m */; };
		85701ECB199DABBB00046905 /* FNXRequest.m in Sources */ = {isa = PBXBuildFile; fileRef = 85701EC7199DABBB00046905 /* FNXRequest.m */; };
		85701ED0199DBD0600046905 /* FNXPlayerViewController.m in Sources */ = {isa = PBXBuildFile; fileRef = 85701ECF199DBD0600046905 /* FNXPlayerViewController.m */; };
		85701ED1199DBD0600046905 /* FNXPlayerViewController.m in Sources */ = {isa = PBXBuildFile; fileRef = 85701ECF199DBD0600046905 /* FNXPlayerViewController.m */; };
		85701ED4199DBD2B00046905 /* FNXTeamListViewController.m in Sources */ = {isa = PBXBuildFile; fileRef = 85701ED3199DBD2B00046905 /* FNXTeamListViewController.m */; };
		85701ED5199DBD2B00046905 /* FNXTeamListViewController.m in Sources */ = {isa = PBXBuildFile; fileRef = 85701ED3199DBD2B00046905 /* FNXTeamListViewController.m */; };
		85701ED8199DC05A00046905 /* FNXPlayerViewCell.m in Sources */ = {isa = PBXBuildFile; fileRef = 85701ED7199DC05A00046905 /* FNXPlayerViewCell.m */; };
		85701ED9199DC05A00046905 /* FNXPlayerViewCell.m in Sources */ = {isa = PBXBuildFile; fileRef = 85701ED7199DC05A00046905 /* FNXPlayerViewCell.m */; };
		85701EEC199DC47300046905 /* FNXBatting.m in Sources */ = {isa = PBXBuildFile; fileRef = 85701EDB199DC47300046905 /* FNXBatting.m */; };
		85701EED199DC47300046905 /* FNXBatting.m in Sources */ = {isa = PBXBuildFile; fileRef = 85701EDB199DC47300046905 /* FNXBatting.m */; };
		85701EEE199DC47300046905 /* FNXBattingLevel.m in Sources */ = {isa = PBXBuildFile; fileRef = 85701EDD199DC47300046905 /* FNXBattingLevel.m */; };
		85701EEF199DC47300046905 /* FNXBattingLevel.m in Sources */ = {isa = PBXBuildFile; fileRef = 85701EDD199DC47300046905 /* FNXBattingLevel.m */; };
		85701EF0199DC47300046905 /* FNXBattingTeam.m in Sources */ = {isa = PBXBuildFile; fileRef = 85701EDF199DC47300046905 /* FNXBattingTeam.m */; };
		85701EF1199DC47300046905 /* FNXBattingTeam.m in Sources */ = {isa = PBXBuildFile; fileRef = 85701EDF199DC47300046905 /* FNXBattingTeam.m */; };
		85701EF2199DC47300046905 /* FNXPitching.m in Sources */ = {isa = PBXBuildFile; fileRef = 85701EE1199DC47300046905 /* FNXPitching.m */; };
		85701EF3199DC47300046905 /* FNXPitching.m in Sources */ = {isa = PBXBuildFile; fileRef = 85701EE1199DC47300046905 /* FNXPitching.m */; };
		85701EF4199DC47300046905 /* FNXPitchingLevel.m in Sources */ = {isa = PBXBuildFile; fileRef = 85701EE3199DC47300046905 /* FNXPitchingLevel.m */; };
		85701EF5199DC47300046905 /* FNXPitchingLevel.m in Sources */ = {isa = PBXBuildFile; fileRef = 85701EE3199DC47300046905 /* FNXPitchingLevel.m */; };
		85701EF6199DC47300046905 /* FNXPitchingTeam.m in Sources */ = {isa = PBXBuildFile; fileRef = 85701EE5199DC47300046905 /* FNXPitchingTeam.m */; };
		85701EF7199DC47300046905 /* FNXPitchingTeam.m in Sources */ = {isa = PBXBuildFile; fileRef = 85701EE5199DC47300046905 /* FNXPitchingTeam.m */; };
		85701EF8199DC47300046905 /* FNXStats.m in Sources */ = {isa = PBXBuildFile; fileRef = 85701EE7199DC47300046905 /* FNXStats.m */; };
		85701EF9199DC47300046905 /* FNXStats.m in Sources */ = {isa = PBXBuildFile; fileRef = 85701EE7199DC47300046905 /* FNXStats.m */; };
		85701EFA199DC47300046905 /* FNXPlayer.m in Sources */ = {isa = PBXBuildFile; fileRef = 85701EE9199DC47300046905 /* FNXPlayer.m */; };
		85701EFB199DC47300046905 /* FNXPlayer.m in Sources */ = {isa = PBXBuildFile; fileRef = 85701EE9199DC47300046905 /* FNXPlayer.m */; };
		85701EFC199DC47300046905 /* FNXTeam.m in Sources */ = {isa = PBXBuildFile; fileRef = 85701EEB199DC47300046905 /* FNXTeam.m */; };
		85701EFD199DC47300046905 /* FNXTeam.m in Sources */ = {isa = PBXBuildFile; fileRef = 85701EEB199DC47300046905 /* FNXTeam.m */; };
		85701F00199E3BAC00046905 /* FNXTeamViewCell.m in Sources */ = {isa = PBXBuildFile; fileRef = 85701EFF199E3BAC00046905 /* FNXTeamViewCell.m */; };
		85701F01199E3BAC00046905 /* FNXTeamViewCell.m in Sources */ = {isa = PBXBuildFile; fileRef = 85701EFF199E3BAC00046905 /* FNXTeamViewCell.m */; };
		85701F04199E6CFC00046905 /* FNXRosterViewController.m in Sources */ = {isa = PBXBuildFile; fileRef = 85701F03199E6CFC00046905 /* FNXRosterViewController.m */; };
		85701F05199E6CFC00046905 /* FNXRosterViewController.m in Sources */ = {isa = PBXBuildFile; fileRef = 85701F03199E6CFC00046905 /* FNXRosterViewController.m */; };
		85701F08199E6D9200046905 /* FNXRosterViewCell.m in Sources */ = {isa = PBXBuildFile; fileRef = 85701F07199E6D9200046905 /* FNXRosterViewCell.m */; };
		85701F09199E6D9200046905 /* FNXRosterViewCell.m in Sources */ = {isa = PBXBuildFile; fileRef = 85701F07199E6D9200046905 /* FNXRosterViewCell.m */; };
		85FE835D19A038D4001BBBCA /* FNXSearchViewController.m in Sources */ = {isa = PBXBuildFile; fileRef = 85FE835C19A038D4001BBBCA /* FNXSearchViewController.m */; };
		85FE835E19A038D4001BBBCA /* FNXSearchViewController.m in Sources */ = {isa = PBXBuildFile; fileRef = 85FE835C19A038D4001BBBCA /* FNXSearchViewController.m */; };
/* End PBXBuildFile section */

/* Begin PBXContainerItemProxy section */
		85701EA9199DA55800046905 /* PBXContainerItemProxy */ = {
			isa = PBXContainerItemProxy;
			containerPortal = 85701E7B199DA55700046905 /* Project object */;
			proxyType = 1;
			remoteGlobalIDString = 85701E82199DA55800046905;
			remoteInfo = YankeeFinder;
		};
/* End PBXContainerItemProxy section */

/* Begin PBXFileReference section */
		852222E319A0408E0084AE05 /* FNXSearchResultsViewController.h */ = {isa = PBXFileReference; fileEncoding = 4; lastKnownFileType = sourcecode.c.h; name = FNXSearchResultsViewController.h; path = Controllers/FNXSearchResultsViewController.h; sourceTree = "<group>"; };
		852222E419A0408E0084AE05 /* FNXSearchResultsViewController.m */ = {isa = PBXFileReference; fileEncoding = 4; lastKnownFileType = sourcecode.c.objc; name = FNXSearchResultsViewController.m; path = Controllers/FNXSearchResultsViewController.m; sourceTree = "<group>"; };
		852222E719A04AAE0084AE05 /* FNXSearchResultsTableViewCell.h */ = {isa = PBXFileReference; fileEncoding = 4; lastKnownFileType = sourcecode.c.h; name = FNXSearchResultsTableViewCell.h; path = Controllers/FNXSearchResultsTableViewCell.h; sourceTree = "<group>"; };
		852222E819A04AAE0084AE05 /* FNXSearchResultsTableViewCell.m */ = {isa = PBXFileReference; fileEncoding = 4; lastKnownFileType = sourcecode.c.objc; name = FNXSearchResultsTableViewCell.m; path = Controllers/FNXSearchResultsTableViewCell.m; sourceTree = "<group>"; };
		85701E83199DA55800046905 /* YankeeFinder.app */ = {isa = PBXFileReference; explicitFileType = wrapper.application; includeInIndex = 0; path = YankeeFinder.app; sourceTree = BUILT_PRODUCTS_DIR; };
		85701E86199DA55800046905 /* Foundation.framework */ = {isa = PBXFileReference; lastKnownFileType = wrapper.framework; name = Foundation.framework; path = System/Library/Frameworks/Foundation.framework; sourceTree = SDKROOT; };
		85701E88199DA55800046905 /* CoreGraphics.framework */ = {isa = PBXFileReference; lastKnownFileType = wrapper.framework; name = CoreGraphics.framework; path = System/Library/Frameworks/CoreGraphics.framework; sourceTree = SDKROOT; };
		85701E8A199DA55800046905 /* UIKit.framework */ = {isa = PBXFileReference; lastKnownFileType = wrapper.framework; name = UIKit.framework; path = System/Library/Frameworks/UIKit.framework; sourceTree = SDKROOT; };
		85701E8E199DA55800046905 /* YankeeFinder-Info.plist */ = {isa = PBXFileReference; lastKnownFileType = text.plist.xml; path = "YankeeFinder-Info.plist"; sourceTree = "<group>"; };
		85701E90199DA55800046905 /* en */ = {isa = PBXFileReference; lastKnownFileType = text.plist.strings; name = en; path = en.lproj/InfoPlist.strings; sourceTree = "<group>"; };
		85701E92199DA55800046905 /* main.m */ = {isa = PBXFileReference; lastKnownFileType = sourcecode.c.objc; path = main.m; sourceTree = "<group>"; };
		85701E94199DA55800046905 /* YankeeFinder-Prefix.pch */ = {isa = PBXFileReference; lastKnownFileType = sourcecode.c.h; path = "YankeeFinder-Prefix.pch"; sourceTree = "<group>"; };
		85701E95199DA55800046905 /* FNXAppDelegate.h */ = {isa = PBXFileReference; lastKnownFileType = sourcecode.c.h; path = FNXAppDelegate.h; sourceTree = "<group>"; };
		85701E96199DA55800046905 /* FNXAppDelegate.m */ = {isa = PBXFileReference; lastKnownFileType = sourcecode.c.objc; path = FNXAppDelegate.m; sourceTree = "<group>"; };
		85701E99199DA55800046905 /* Base */ = {isa = PBXFileReference; lastKnownFileType = file.storyboard; name = Base; path = Base.lproj/Main.storyboard; sourceTree = "<group>"; };
		85701E9B199DA55800046905 /* FNXViewController.h */ = {isa = PBXFileReference; lastKnownFileType = sourcecode.c.h; path = FNXViewController.h; sourceTree = "<group>"; };
		85701E9C199DA55800046905 /* FNXViewController.m */ = {isa = PBXFileReference; lastKnownFileType = sourcecode.c.objc; path = FNXViewController.m; sourceTree = "<group>"; };
		85701E9E199DA55800046905 /* Images.xcassets */ = {isa = PBXFileReference; lastKnownFileType = folder.assetcatalog; path = Images.xcassets; sourceTree = "<group>"; };
		85701EA4199DA55800046905 /* YankeeFinderTests.xctest */ = {isa = PBXFileReference; explicitFileType = wrapper.cfbundle; includeInIndex = 0; path = YankeeFinderTests.xctest; sourceTree = BUILT_PRODUCTS_DIR; };
		85701EA5199DA55800046905 /* XCTest.framework */ = {isa = PBXFileReference; lastKnownFileType = wrapper.framework; name = XCTest.framework; path = Library/Frameworks/XCTest.framework; sourceTree = DEVELOPER_DIR; };
		85701EAD199DA55800046905 /* YankeeFinderTests-Info.plist */ = {isa = PBXFileReference; lastKnownFileType = text.plist.xml; path = "YankeeFinderTests-Info.plist"; sourceTree = "<group>"; };
		85701EAF199DA55800046905 /* en */ = {isa = PBXFileReference; lastKnownFileType = text.plist.strings; name = en; path = en.lproj/InfoPlist.strings; sourceTree = "<group>"; };
		85701EB1199DA55800046905 /* YankeeFinderTests.m */ = {isa = PBXFileReference; lastKnownFileType = sourcecode.c.objc; path = YankeeFinderTests.m; sourceTree = "<group>"; };
		85701EC4199DABBB00046905 /* FNXYankeesAPI.h */ = {isa = PBXFileReference; fileEncoding = 4; lastKnownFileType = sourcecode.c.h; path = FNXYankeesAPI.h; sourceTree = "<group>"; };
		85701EC5199DABBB00046905 /* FNXYankeesAPI.m */ = {isa = PBXFileReference; fileEncoding = 4; lastKnownFileType = sourcecode.c.objc; path = FNXYankeesAPI.m; sourceTree = "<group>"; };
		85701EC6199DABBB00046905 /* FNXRequest.h */ = {isa = PBXFileReference; fileEncoding = 4; lastKnownFileType = sourcecode.c.h; path = FNXRequest.h; sourceTree = "<group>"; };
		85701EC7199DABBB00046905 /* FNXRequest.m */ = {isa = PBXFileReference; fileEncoding = 4; lastKnownFileType = sourcecode.c.objc; path = FNXRequest.m; sourceTree = "<group>"; };
		85701ECC199DAE9B00046905 /* ConstantsAndMacros.h */ = {isa = PBXFileReference; fileEncoding = 4; lastKnownFileType = sourcecode.c.h; path = ConstantsAndMacros.h; sourceTree = "<group>"; };
		85701ECE199DBD0600046905 /* FNXPlayerViewController.h */ = {isa = PBXFileReference; fileEncoding = 4; lastKnownFileType = sourcecode.c.h; name = FNXPlayerViewController.h; path = Controllers/FNXPlayerViewController.h; sourceTree = "<group>"; };
		85701ECF199DBD0600046905 /* FNXPlayerViewController.m */ = {isa = PBXFileReference; fileEncoding = 4; lastKnownFileType = sourcecode.c.objc; name = FNXPlayerViewController.m; path = Controllers/FNXPlayerViewController.m; sourceTree = "<group>"; };
		85701ED2199DBD2B00046905 /* FNXTeamListViewController.h */ = {isa = PBXFileReference; fileEncoding = 4; lastKnownFileType = sourcecode.c.h; name = FNXTeamListViewController.h; path = Controllers/FNXTeamListViewController.h; sourceTree = "<group>"; };
		85701ED3199DBD2B00046905 /* FNXTeamListViewController.m */ = {isa = PBXFileReference; fileEncoding = 4; lastKnownFileType = sourcecode.c.objc; name = FNXTeamListViewController.m; path = Controllers/FNXTeamListViewController.m; sourceTree = "<group>"; };
		85701ED6199DC05900046905 /* FNXPlayerViewCell.h */ = {isa = PBXFileReference; fileEncoding = 4; lastKnownFileType = sourcecode.c.h; name = FNXPlayerViewCell.h; path = Controllers/FNXPlayerViewCell.h; sourceTree = "<group>"; };
		85701ED7199DC05A00046905 /* FNXPlayerViewCell.m */ = {isa = PBXFileReference; fileEncoding = 4; lastKnownFileType = sourcecode.c.objc; name = FNXPlayerViewCell.m; path = Controllers/FNXPlayerViewCell.m; sourceTree = "<group>"; };
		85701EDA199DC47300046905 /* FNXBatting.h */ = {isa = PBXFileReference; fileEncoding = 4; lastKnownFileType = sourcecode.c.h; path = FNXBatting.h; sourceTree = "<group>"; };
		85701EDB199DC47300046905 /* FNXBatting.m */ = {isa = PBXFileReference; fileEncoding = 4; lastKnownFileType = sourcecode.c.objc; path = FNXBatting.m; sourceTree = "<group>"; };
		85701EDC199DC47300046905 /* FNXBattingLevel.h */ = {isa = PBXFileReference; fileEncoding = 4; lastKnownFileType = sourcecode.c.h; path = FNXBattingLevel.h; sourceTree = "<group>"; };
		85701EDD199DC47300046905 /* FNXBattingLevel.m */ = {isa = PBXFileReference; fileEncoding = 4; lastKnownFileType = sourcecode.c.objc; path = FNXBattingLevel.m; sourceTree = "<group>"; };
		85701EDE199DC47300046905 /* FNXBattingTeam.h */ = {isa = PBXFileReference; fileEncoding = 4; lastKnownFileType = sourcecode.c.h; path = FNXBattingTeam.h; sourceTree = "<group>"; };
		85701EDF199DC47300046905 /* FNXBattingTeam.m */ = {isa = PBXFileReference; fileEncoding = 4; lastKnownFileType = sourcecode.c.objc; path = FNXBattingTeam.m; sourceTree = "<group>"; };
		85701EE0199DC47300046905 /* FNXPitching.h */ = {isa = PBXFileReference; fileEncoding = 4; lastKnownFileType = sourcecode.c.h; path = FNXPitching.h; sourceTree = "<group>"; };
		85701EE1199DC47300046905 /* FNXPitching.m */ = {isa = PBXFileReference; fileEncoding = 4; lastKnownFileType = sourcecode.c.objc; path = FNXPitching.m; sourceTree = "<group>"; };
		85701EE2199DC47300046905 /* FNXPitchingLevel.h */ = {isa = PBXFileReference; fileEncoding = 4; lastKnownFileType = sourcecode.c.h; path = FNXPitchingLevel.h; sourceTree = "<group>"; };
		85701EE3199DC47300046905 /* FNXPitchingLevel.m */ = {isa = PBXFileReference; fileEncoding = 4; lastKnownFileType = sourcecode.c.objc; path = FNXPitchingLevel.m; sourceTree = "<group>"; };
		85701EE4199DC47300046905 /* FNXPitchingTeam.h */ = {isa = PBXFileReference; fileEncoding = 4; lastKnownFileType = sourcecode.c.h; path = FNXPitchingTeam.h; sourceTree = "<group>"; };
		85701EE5199DC47300046905 /* FNXPitchingTeam.m */ = {isa = PBXFileReference; fileEncoding = 4; lastKnownFileType = sourcecode.c.objc; path = FNXPitchingTeam.m; sourceTree = "<group>"; };
		85701EE6199DC47300046905 /* FNXStats.h */ = {isa = PBXFileReference; fileEncoding = 4; lastKnownFileType = sourcecode.c.h; path = FNXStats.h; sourceTree = "<group>"; };
		85701EE7199DC47300046905 /* FNXStats.m */ = {isa = PBXFileReference; fileEncoding = 4; lastKnownFileType = sourcecode.c.objc; path = FNXStats.m; sourceTree = "<group>"; };
		85701EE8199DC47300046905 /* FNXPlayer.h */ = {isa = PBXFileReference; fileEncoding = 4; lastKnownFileType = sourcecode.c.h; path = FNXPlayer.h; sourceTree = "<group>"; };
		85701EE9199DC47300046905 /* FNXPlayer.m */ = {isa = PBXFileReference; fileEncoding = 4; lastKnownFileType = sourcecode.c.objc; path = FNXPlayer.m; sourceTree = "<group>"; };
		85701EEA199DC47300046905 /* FNXTeam.h */ = {isa = PBXFileReference; fileEncoding = 4; lastKnownFileType = sourcecode.c.h; path = FNXTeam.h; sourceTree = "<group>"; };
		85701EEB199DC47300046905 /* FNXTeam.m */ = {isa = PBXFileReference; fileEncoding = 4; lastKnownFileType = sourcecode.c.objc; path = FNXTeam.m; sourceTree = "<group>"; };
		85701EFE199E3BAC00046905 /* FNXTeamViewCell.h */ = {isa = PBXFileReference; fileEncoding = 4; lastKnownFileType = sourcecode.c.h; name = FNXTeamViewCell.h; path = Controllers/FNXTeamViewCell.h; sourceTree = "<group>"; };
		85701EFF199E3BAC00046905 /* FNXTeamViewCell.m */ = {isa = PBXFileReference; fileEncoding = 4; lastKnownFileType = sourcecode.c.objc; name = FNXTeamViewCell.m; path = Controllers/FNXTeamViewCell.m; sourceTree = "<group>"; };
		85701F02199E6CFC00046905 /* FNXRosterViewController.h */ = {isa = PBXFileReference; fileEncoding = 4; lastKnownFileType = sourcecode.c.h; name = FNXRosterViewController.h; path = Controllers/FNXRosterViewController.h; sourceTree = "<group>"; };
		85701F03199E6CFC00046905 /* FNXRosterViewController.m */ = {isa = PBXFileReference; fileEncoding = 4; lastKnownFileType = sourcecode.c.objc; name = FNXRosterViewController.m; path = Controllers/FNXRosterViewController.m; sourceTree = "<group>"; };
		85701F06199E6D9200046905 /* FNXRosterViewCell.h */ = {isa = PBXFileReference; fileEncoding = 4; lastKnownFileType = sourcecode.c.h; name = FNXRosterViewCell.h; path = Controllers/FNXRosterViewCell.h; sourceTree = "<group>"; };
		85701F07199E6D9200046905 /* FNXRosterViewCell.m */ = {isa = PBXFileReference; fileEncoding = 4; lastKnownFileType = sourcecode.c.objc; name = FNXRosterViewCell.m; path = Controllers/FNXRosterViewCell.m; sourceTree = "<group>"; };
		85FE835B19A038D4001BBBCA /* FNXSearchViewController.h */ = {isa = PBXFileReference; fileEncoding = 4; lastKnownFileType = sourcecode.c.h; name = FNXSearchViewController.h; path = Controllers/FNXSearchViewController.h; sourceTree = "<group>"; };
		85FE835C19A038D4001BBBCA /* FNXSearchViewController.m */ = {isa = PBXFileReference; fileEncoding = 4; lastKnownFileType = sourcecode.c.objc; name = FNXSearchViewController.m; path = Controllers/FNXSearchViewController.m; sourceTree = "<group>"; };
/* End PBXFileReference section */

/* Begin PBXFrameworksBuildPhase section */
		85701E80199DA55800046905 /* Frameworks */ = {
			isa = PBXFrameworksBuildPhase;
			buildActionMask = 2147483647;
			files = (
				85701E89199DA55800046905 /* CoreGraphics.framework in Frameworks */,
				85701E8B199DA55800046905 /* UIKit.framework in Frameworks */,
				85701E87199DA55800046905 /* Foundation.framework in Frameworks */,
			);
			runOnlyForDeploymentPostprocessing = 0;
		};
		85701EA1199DA55800046905 /* Frameworks */ = {
			isa = PBXFrameworksBuildPhase;
			buildActionMask = 2147483647;
			files = (
				85701EA6199DA55800046905 /* XCTest.framework in Frameworks */,
				85701EA8199DA55800046905 /* UIKit.framework in Frameworks */,
				85701EA7199DA55800046905 /* Foundation.framework in Frameworks */,
			);
			runOnlyForDeploymentPostprocessing = 0;
		};
/* End PBXFrameworksBuildPhase section */

/* Begin PBXGroup section */
		85701E7A199DA55700046905 = {
			isa = PBXGroup;
			children = (
				85701E8C199DA55800046905 /* YankeeFinder */,
				85701EAB199DA55800046905 /* YankeeFinderTests */,
				85701E85199DA55800046905 /* Frameworks */,
				85701E84199DA55800046905 /* Products */,
			);
			sourceTree = "<group>";
		};
		85701E84199DA55800046905 /* Products */ = {
			isa = PBXGroup;
			children = (
				85701E83199DA55800046905 /* YankeeFinder.app */,
				85701EA4199DA55800046905 /* YankeeFinderTests.xctest */,
			);
			name = Products;
			sourceTree = "<group>";
		};
		85701E85199DA55800046905 /* Frameworks */ = {
			isa = PBXGroup;
			children = (
				85701E86199DA55800046905 /* Foundation.framework */,
				85701E88199DA55800046905 /* CoreGraphics.framework */,
				85701E8A199DA55800046905 /* UIKit.framework */,
				85701EA5199DA55800046905 /* XCTest.framework */,
			);
			name = Frameworks;
			sourceTree = "<group>";
		};
		85701E8C199DA55800046905 /* YankeeFinder */ = {
			isa = PBXGroup;
			children = (
				85701E95199DA55800046905 /* FNXAppDelegate.h */,
				85701E96199DA55800046905 /* FNXAppDelegate.m */,
				85701E98199DA55800046905 /* Main.storyboard */,
				85701E9B199DA55800046905 /* FNXViewController.h */,
				85701E9C199DA55800046905 /* FNXViewController.m */,
				85701ECD199DBC8E00046905 /* Controllers */,
				85701EC3199DABBB00046905 /* Models */,
				85701E9E199DA55800046905 /* Images.xcassets */,
				85701E8D199DA55800046905 /* Supporting Files */,
			);
			path = YankeeFinder;
			sourceTree = "<group>";
		};
		85701E8D199DA55800046905 /* Supporting Files */ = {
			isa = PBXGroup;
			children = (
				85701E8E199DA55800046905 /* YankeeFinder-Info.plist */,
				85701E8F199DA55800046905 /* InfoPlist.strings */,
				85701E92199DA55800046905 /* main.m */,
				85701E94199DA55800046905 /* YankeeFinder-Prefix.pch */,
				85701ECC199DAE9B00046905 /* ConstantsAndMacros.h */,
			);
			name = "Supporting Files";
			sourceTree = "<group>";
		};
		85701EAB199DA55800046905 /* YankeeFinderTests */ = {
			isa = PBXGroup;
			children = (
				85701EB1199DA55800046905 /* YankeeFinderTests.m */,
				85701EAC199DA55800046905 /* Supporting Files */,
			);
			path = YankeeFinderTests;
			sourceTree = "<group>";
		};
		85701EAC199DA55800046905 /* Supporting Files */ = {
			isa = PBXGroup;
			children = (
				85701EAD199DA55800046905 /* YankeeFinderTests-Info.plist */,
				85701EAE199DA55800046905 /* InfoPlist.strings */,
			);
			name = "Supporting Files";
			sourceTree = "<group>";
		};
		85701EC3199DABBB00046905 /* Models */ = {
			isa = PBXGroup;
			children = (
				85701EC4199DABBB00046905 /* FNXYankeesAPI.h */,
				85701EC5199DABBB00046905 /* FNXYankeesAPI.m */,
				85701EC6199DABBB00046905 /* FNXRequest.h */,
				85701EC7199DABBB00046905 /* FNXRequest.m */,
				85701EDA199DC47300046905 /* FNXBatting.h */,
				85701EDB199DC47300046905 /* FNXBatting.m */,
				85701EDC199DC47300046905 /* FNXBattingLevel.h */,
				85701EDD199DC47300046905 /* FNXBattingLevel.m */,
				85701EDE199DC47300046905 /* FNXBattingTeam.h */,
				85701EDF199DC47300046905 /* FNXBattingTeam.m */,
				85701EE0199DC47300046905 /* FNXPitching.h */,
				85701EE1199DC47300046905 /* FNXPitching.m */,
				85701EE2199DC47300046905 /* FNXPitchingLevel.h */,
				85701EE3199DC47300046905 /* FNXPitchingLevel.m */,
				85701EE4199DC47300046905 /* FNXPitchingTeam.h */,
				85701EE5199DC47300046905 /* FNXPitchingTeam.m */,
				85701EE6199DC47300046905 /* FNXStats.h */,
				85701EE7199DC47300046905 /* FNXStats.m */,
				85701EE8199DC47300046905 /* FNXPlayer.h */,
				85701EE9199DC47300046905 /* FNXPlayer.m */,
				85701EEA199DC47300046905 /* FNXTeam.h */,
				85701EEB199DC47300046905 /* FNXTeam.m */,
			);
			path = Models;
			sourceTree = "<group>";
		};
		85701ECD199DBC8E00046905 /* Controllers */ = {
			isa = PBXGroup;
			children = (
				85701ED2199DBD2B00046905 /* FNXTeamListViewController.h */,
				85701ED3199DBD2B00046905 /* FNXTeamListViewController.m */,
				85701EFE199E3BAC00046905 /* FNXTeamViewCell.h */,
				85701EFF199E3BAC00046905 /* FNXTeamViewCell.m */,
				85FE835B19A038D4001BBBCA /* FNXSearchViewController.h */,
				85FE835C19A038D4001BBBCA /* FNXSearchViewController.m */,
				85701F02199E6CFC00046905 /* FNXRosterViewController.h */,
				85701F03199E6CFC00046905 /* FNXRosterViewController.m */,
				85701F06199E6D9200046905 /* FNXRosterViewCell.h */,
				85701F07199E6D9200046905 /* FNXRosterViewCell.m */,
				85701ECE199DBD0600046905 /* FNXPlayerViewController.h */,
				85701ECF199DBD0600046905 /* FNXPlayerViewController.m */,
				85701ED6199DC05900046905 /* FNXPlayerViewCell.h */,
				85701ED7199DC05A00046905 /* FNXPlayerViewCell.m */,
				852222E319A0408E0084AE05 /* FNXSearchResultsViewController.h */,
				852222E419A0408E0084AE05 /* FNXSearchResultsViewController.m */,
				852222E719A04AAE0084AE05 /* FNXSearchResultsTableViewCell.h */,
				852222E819A04AAE0084AE05 /* FNXSearchResultsTableViewCell.m */,
			);
			name = Controllers;
			sourceTree = "<group>";
		};
/* End PBXGroup section */

/* Begin PBXNativeTarget section */
		85701E82199DA55800046905 /* YankeeFinder */ = {
			isa = PBXNativeTarget;
			buildConfigurationList = 85701EB5199DA55800046905 /* Build configuration list for PBXNativeTarget "YankeeFinder" */;
			buildPhases = (
				85701E7F199DA55800046905 /* Sources */,
				85701E80199DA55800046905 /* Frameworks */,
				85701E81199DA55800046905 /* Resources */,
			);
			buildRules = (
			);
			dependencies = (
			);
			name = YankeeFinder;
			productName = YankeeFinder;
			productReference = 85701E83199DA55800046905 /* YankeeFinder.app */;
			productType = "com.apple.product-type.application";
		};
		85701EA3199DA55800046905 /* YankeeFinderTests */ = {
			isa = PBXNativeTarget;
			buildConfigurationList = 85701EB8199DA55800046905 /* Build configuration list for PBXNativeTarget "YankeeFinderTests" */;
			buildPhases = (
				85701EA0199DA55800046905 /* Sources */,
				85701EA1199DA55800046905 /* Frameworks */,
				85701EA2199DA55800046905 /* Resources */,
			);
			buildRules = (
			);
			dependencies = (
				85701EAA199DA55800046905 /* PBXTargetDependency */,
			);
			name = YankeeFinderTests;
			productName = YankeeFinderTests;
			productReference = 85701EA4199DA55800046905 /* YankeeFinderTests.xctest */;
			productType = "com.apple.product-type.bundle.unit-test";
		};
/* End PBXNativeTarget section */

/* Begin PBXProject section */
		85701E7B199DA55700046905 /* Project object */ = {
			isa = PBXProject;
			attributes = {
				CLASSPREFIX = FNX;
				LastUpgradeCheck = 0510;
				ORGANIZATIONNAME = "Fonixland Studios";
				TargetAttributes = {
					85701EA3199DA55800046905 = {
						TestTargetID = 85701E82199DA55800046905;
					};
				};
			};
			buildConfigurationList = 85701E7E199DA55700046905 /* Build configuration list for PBXProject "YankeeFinder" */;
			compatibilityVersion = "Xcode 3.2";
			developmentRegion = English;
			hasScannedForEncodings = 0;
			knownRegions = (
				en,
				Base,
			);
			mainGroup = 85701E7A199DA55700046905;
			productRefGroup = 85701E84199DA55800046905 /* Products */;
			projectDirPath = "";
			projectRoot = "";
			targets = (
				85701E82199DA55800046905 /* YankeeFinder */,
				85701EA3199DA55800046905 /* YankeeFinderTests */,
			);
		};
/* End PBXProject section */

/* Begin PBXResourcesBuildPhase section */
		85701E81199DA55800046905 /* Resources */ = {
			isa = PBXResourcesBuildPhase;
			buildActionMask = 2147483647;
			files = (
				85701E9F199DA55800046905 /* Images.xcassets in Resources */,
				85701E91199DA55800046905 /* InfoPlist.strings in Resources */,
				85701E9A199DA55800046905 /* Main.storyboard in Resources */,
			);
			runOnlyForDeploymentPostprocessing = 0;
		};
		85701EA2199DA55800046905 /* Resources */ = {
			isa = PBXResourcesBuildPhase;
			buildActionMask = 2147483647;
			files = (
				85701EB0199DA55800046905 /* InfoPlist.strings in Resources */,
			);
			runOnlyForDeploymentPostprocessing = 0;
		};
/* End PBXResourcesBuildPhase section */

/* Begin PBXSourcesBuildPhase section */
		85701E7F199DA55800046905 /* Sources */ = {
			isa = PBXSourcesBuildPhase;
			buildActionMask = 2147483647;
			files = (
				85701E93199DA55800046905 /* main.m in Sources */,
				85701E97199DA55800046905 /* FNXAppDelegate.m in Sources */,
				85701EFC199DC47300046905 /* FNXTeam.m in Sources */,
				85701EF2199DC47300046905 /* FNXPitching.m in Sources */,
				85701F08199E6D9200046905 /* FNXRosterViewCell.m in Sources */,
				85701EF4199DC47300046905 /* FNXPitchingLevel.m in Sources */,
				85701ECA199DABBB00046905 /* FNXRequest.m in Sources */,
				85701EF0199DC47300046905 /* FNXBattingTeam.m in Sources */,
				85701EC8199DABBB00046905 /* FNXYankeesAPI.m in Sources */,
				85701F00199E3BAC00046905 /* FNXTeamViewCell.m in Sources */,
				85701ED8199DC05A00046905 /* FNXPlayerViewCell.m in Sources */,
				85701EF8199DC47300046905 /* FNXStats.m in Sources */,
				85FE835D19A038D4001BBBCA /* FNXSearchViewController.m in Sources */,
				85701EEC199DC47300046905 /* FNXBatting.m in Sources */,
				85701ED4199DBD2B00046905 /* FNXTeamListViewController.m in Sources */,
				85701ED0199DBD0600046905 /* FNXPlayerViewController.m in Sources */,
				85701EF6199DC47300046905 /* FNXPitchingTeam.m in Sources */,
				85701E9D199DA55800046905 /* FNXViewController.m in Sources */,
				85701F04199E6CFC00046905 /* FNXRosterViewController.m in Sources */,
				85701EEE199DC47300046905 /* FNXBattingLevel.m in Sources */,
				852222E919A04AAE0084AE05 /* FNXSearchResultsTableViewCell.m in Sources */,
				852222E519A0408E0084AE05 /* FNXSearchResultsViewController.m in Sources */,
				85701EFA199DC47300046905 /* FNXPlayer.m in Sources */,
			);
			runOnlyForDeploymentPostprocessing = 0;
		};
		85701EA0199DA55800046905 /* Sources */ = {
			isa = PBXSourcesBuildPhase;
			buildActionMask = 2147483647;
			files = (
				852222E619A0408E0084AE05 /* FNXSearchResultsViewController.m in Sources */,
				85701EF3199DC47300046905 /* FNXPitching.m in Sources */,
				85701EF7199DC47300046905 /* FNXPitchingTeam.m in Sources */,
				85701ED5199DBD2B00046905 /* FNXTeamListViewController.m in Sources */,
				85701EEF199DC47300046905 /* FNXBattingLevel.m in Sources */,
				85701EF9199DC47300046905 /* FNXStats.m in Sources */,
				85701EFB199DC47300046905 /* FNXPlayer.m in Sources */,
				85701EF1199DC47300046905 /* FNXBattingTeam.m in Sources */,
				85701EF5199DC47300046905 /* FNXPitchingLevel.m in Sources */,
				85FE835E19A038D4001BBBCA /* FNXSearchViewController.m in Sources */,
				852222EA19A04AAE0084AE05 /* FNXSearchResultsTableViewCell.m in Sources */,
				85701ED1199DBD0600046905 /* FNXPlayerViewController.m in Sources */,
				85701EED199DC47300046905 /* FNXBatting.m in Sources */,
				85701F01199E3BAC00046905 /* FNXTeamViewCell.m in Sources */,
				85701EC9199DABBB00046905 /* FNXYankeesAPI.m in Sources */,
				85701F09199E6D9200046905 /* FNXRosterViewCell.m in Sources */,
				85701F05199E6CFC00046905 /* FNXRosterViewController.m in Sources */,
				85701ECB199DABBB00046905 /* FNXRequest.m in Sources */,
				85701ED9199DC05A00046905 /* FNXPlayerViewCell.m in Sources */,
				85701EB2199DA55800046905 /* YankeeFinderTests.m in Sources */,
				85701EFD199DC47300046905 /* FNXTeam.m in Sources */,
			);
			runOnlyForDeploymentPostprocessing = 0;
		};
/* End PBXSourcesBuildPhase section */

/* Begin PBXTargetDependency section */
		85701EAA199DA55800046905 /* PBXTargetDependency */ = {
			isa = PBXTargetDependency;
			target = 85701E82199DA55800046905 /* YankeeFinder */;
			targetProxy = 85701EA9199DA55800046905 /* PBXContainerItemProxy */;
		};
/* End PBXTargetDependency section */

/* Begin PBXVariantGroup section */
		85701E8F199DA55800046905 /* InfoPlist.strings */ = {
			isa = PBXVariantGroup;
			children = (
				85701E90199DA55800046905 /* en */,
			);
			name = InfoPlist.strings;
			sourceTree = "<group>";
		};
		85701E98199DA55800046905 /* Main.storyboard */ = {
			isa = PBXVariantGroup;
			children = (
				85701E99199DA55800046905 /* Base */,
			);
			name = Main.storyboard;
			sourceTree = "<group>";
		};
		85701EAE199DA55800046905 /* InfoPlist.strings */ = {
			isa = PBXVariantGroup;
			children = (
				85701EAF199DA55800046905 /* en */,
			);
			name = InfoPlist.strings;
			sourceTree = "<group>";
		};
/* End PBXVariantGroup section */

/* Begin XCBuildConfiguration section */
		85701EB3199DA55800046905 /* Debug */ = {
			isa = XCBuildConfiguration;
			buildSettings = {
				ALWAYS_SEARCH_USER_PATHS = NO;
				CLANG_CXX_LANGUAGE_STANDARD = "gnu++0x";
				CLANG_CXX_LIBRARY = "libc++";
				CLANG_ENABLE_MODULES = YES;
				CLANG_ENABLE_OBJC_ARC = YES;
				CLANG_WARN_BOOL_CONVERSION = YES;
				CLANG_WARN_CONSTANT_CONVERSION = YES;
				CLANG_WARN_DIRECT_OBJC_ISA_USAGE = YES_ERROR;
				CLANG_WARN_EMPTY_BODY = YES;
				CLANG_WARN_ENUM_CONVERSION = YES;
				CLANG_WARN_INT_CONVERSION = YES;
				CLANG_WARN_OBJC_ROOT_CLASS = YES_ERROR;
				CLANG_WARN__DUPLICATE_METHOD_MATCH = YES;
				"CODE_SIGN_IDENTITY[sdk=iphoneos*]" = "iPhone Developer";
				COPY_PHASE_STRIP = NO;
				GCC_C_LANGUAGE_STANDARD = gnu99;
				GCC_DYNAMIC_NO_PIC = NO;
				GCC_OPTIMIZATION_LEVEL = 0;
				GCC_PREPROCESSOR_DEFINITIONS = (
					"DEBUG=1",
					"$(inherited)",
				);
				GCC_SYMBOLS_PRIVATE_EXTERN = NO;
				GCC_WARN_64_TO_32_BIT_CONVERSION = YES;
				GCC_WARN_ABOUT_RETURN_TYPE = YES_ERROR;
				GCC_WARN_UNDECLARED_SELECTOR = YES;
				GCC_WARN_UNINITIALIZED_AUTOS = YES_AGGRESSIVE;
				GCC_WARN_UNUSED_FUNCTION = YES;
				GCC_WARN_UNUSED_VARIABLE = YES;
				IPHONEOS_DEPLOYMENT_TARGET = 7.1;
				ONLY_ACTIVE_ARCH = YES;
				SDKROOT = iphoneos;
			};
			name = Debug;
		};
		85701EB4199DA55800046905 /* Release */ = {
			isa = XCBuildConfiguration;
			buildSettings = {
				ALWAYS_SEARCH_USER_PATHS = NO;
				CLANG_CXX_LANGUAGE_STANDARD = "gnu++0x";
				CLANG_CXX_LIBRARY = "libc++";
				CLANG_ENABLE_MODULES = YES;
				CLANG_ENABLE_OBJC_ARC = YES;
				CLANG_WARN_BOOL_CONVERSION = YES;
				CLANG_WARN_CONSTANT_CONVERSION = YES;
				CLANG_WARN_DIRECT_OBJC_ISA_USAGE = YES_ERROR;
				CLANG_WARN_EMPTY_BODY = YES;
				CLANG_WARN_ENUM_CONVERSION = YES;
				CLANG_WARN_INT_CONVERSION = YES;
				CLANG_WARN_OBJC_ROOT_CLASS = YES_ERROR;
				CLANG_WARN__DUPLICATE_METHOD_MATCH = YES;
				"CODE_SIGN_IDENTITY[sdk=iphoneos*]" = "iPhone Developer";
				COPY_PHASE_STRIP = YES;
				ENABLE_NS_ASSERTIONS = NO;
				GCC_C_LANGUAGE_STANDARD = gnu99;
				GCC_WARN_64_TO_32_BIT_CONVERSION = YES;
				GCC_WARN_ABOUT_RETURN_TYPE = YES_ERROR;
				GCC_WARN_UNDECLARED_SELECTOR = YES;
				GCC_WARN_UNINITIALIZED_AUTOS = YES_AGGRESSIVE;
				GCC_WARN_UNUSED_FUNCTION = YES;
				GCC_WARN_UNUSED_VARIABLE = YES;
				IPHONEOS_DEPLOYMENT_TARGET = 7.1;
				SDKROOT = iphoneos;
				VALIDATE_PRODUCT = YES;
			};
			name = Release;
		};
		85701EB6199DA55800046905 /* Debug */ = {
			isa = XCBuildConfiguration;
			buildSettings = {
				ASSETCATALOG_COMPILER_APPICON_NAME = AppIcon;
				ASSETCATALOG_COMPILER_LAUNCHIMAGE_NAME = LaunchImage;
				GCC_PRECOMPILE_PREFIX_HEADER = YES;
				GCC_PREFIX_HEADER = "YankeeFinder/YankeeFinder-Prefix.pch";
				INFOPLIST_FILE = "YankeeFinder/YankeeFinder-Info.plist";
				PRODUCT_NAME = "$(TARGET_NAME)";
				WRAPPER_EXTENSION = app;
			};
			name = Debug;
		};
		85701EB7199DA55800046905 /* Release */ = {
			isa = XCBuildConfiguration;
			buildSettings = {
				ASSETCATALOG_COMPILER_APPICON_NAME = AppIcon;
				ASSETCATALOG_COMPILER_LAUNCHIMAGE_NAME = LaunchImage;
				GCC_PRECOMPILE_PREFIX_HEADER = YES;
				GCC_PREFIX_HEADER = "YankeeFinder/YankeeFinder-Prefix.pch";
				INFOPLIST_FILE = "YankeeFinder/YankeeFinder-Info.plist";
				PRODUCT_NAME = "$(TARGET_NAME)";
				WRAPPER_EXTENSION = app;
			};
			name = Release;
		};
		85701EB9199DA55800046905 /* Debug */ = {
			isa = XCBuildConfiguration;
			buildSettings = {
				BUNDLE_LOADER = "$(BUILT_PRODUCTS_DIR)/YankeeFinder.app/YankeeFinder";
				FRAMEWORK_SEARCH_PATHS = (
					"$(SDKROOT)/Developer/Library/Frameworks",
					"$(inherited)",
					"$(DEVELOPER_FRAMEWORKS_DIR)",
				);
				GCC_PRECOMPILE_PREFIX_HEADER = YES;
				GCC_PREFIX_HEADER = "YankeeFinder/YankeeFinder-Prefix.pch";
				GCC_PREPROCESSOR_DEFINITIONS = (
					"DEBUG=1",
					"$(inherited)",
				);
				INFOPLIST_FILE = "YankeeFinderTests/YankeeFinderTests-Info.plist";
				PRODUCT_NAME = "$(TARGET_NAME)";
				TEST_HOST = "$(BUNDLE_LOADER)";
				WRAPPER_EXTENSION = xctest;
			};
			name = Debug;
		};
		85701EBA199DA55800046905 /* Release */ = {
			isa = XCBuildConfiguration;
			buildSettings = {
				BUNDLE_LOADER = "$(BUILT_PRODUCTS_DIR)/YankeeFinder.app/YankeeFinder";
				FRAMEWORK_SEARCH_PATHS = (
					"$(SDKROOT)/Developer/Library/Frameworks",
					"$(inherited)",
					"$(DEVELOPER_FRAMEWORKS_DIR)",
				);
				GCC_PRECOMPILE_PREFIX_HEADER = YES;
				GCC_PREFIX_HEADER = "YankeeFinder/YankeeFinder-Prefix.pch";
				INFOPLIST_FILE = "YankeeFinderTests/YankeeFinderTests-Info.plist";
				PRODUCT_NAME = "$(TARGET_NAME)";
				TEST_HOST = "$(BUNDLE_LOADER)";
				WRAPPER_EXTENSION = xctest;
			};
			name = Release;
		};
/* End XCBuildConfiguration section */

/* Begin XCConfigurationList section */
		85701E7E199DA55700046905 /* Build configuration list for PBXProject "YankeeFinder" */ = {
			isa = XCConfigurationList;
			buildConfigurations = (
				85701EB3199DA55800046905 /* Debug */,
				85701EB4199DA55800046905 /* Release */,
			);
			defaultConfigurationIsVisible = 0;
			defaultConfigurationName = Release;
		};
		85701EB5199DA55800046905 /* Build configuration list for PBXNativeTarget "YankeeFinder" */ = {
			isa = XCConfigurationList;
			buildConfigurations = (
				85701EB6199DA55800046905 /* Debug */,
				85701EB7199DA55800046905 /* Release */,
			);
			defaultConfigurationIsVisible = 0;
			defaultConfigurationName = Release;
		};
		85701EB8199DA55800046905 /* Build configuration list for PBXNativeTarget "YankeeFinderTests" */ = {
			isa = XCConfigurationList;
			buildConfigurations = (
				85701EB9199DA55800046905 /* Debug */,
				85701EBA199DA55800046905 /* Release */,
			);
			defaultConfigurationIsVisible = 0;
			defaultConfigurationName = Release;
		};
/* End XCConfigurationList section */
	};
	rootObject = 85701E7B199DA55700046905 /* Project object */;
}
